Microsoft Visual Studio Solution File, Format Version 12.00
# Visual Studio Version 17
VisualStudioVersion = 17.5.2.0
MinimumVisualStudioVersion = 10.0.40219.1
Project("{FAE04EC0-301F-11D3-BF4B-00C04F79EFBC}") = "CasaBot", "src\CasaBot.csproj", "{7664DB63-D609-70DE-B325-EC35886BA0B8}"
EndProject
Global
	GlobalSection(SolutionConfigurationPlatforms) = preSolution
		Debug|Any CPU = Debug|Any CPU
		Release|Any CPU = Release|Any CPU
	EndGlobalSection
	GlobalSection(ProjectConfigurationPlatforms) = postSolution
		{7664DB63-D609-70DE-B325-EC35886BA0B8}.Debug|Any CPU.ActiveCfg = Debug|Any CPU
		{7664DB63-D609-70DE-B325-EC35886BA0B8}.Debug|Any CPU.Build.0 = Debug|Any CPU
		{7664DB63-D609-70DE-B325-EC35886BA0B8}.Release|Any CPU.ActiveCfg = Release|Any CPU
		{7664DB63-D609-70DE-B325-EC35886BA0B8}.Release|Any CPU.Build.0 = Release|Any CPU
	EndGlobalSection
	GlobalSection(SolutionProperties) = preSolution
		HideSolutionNode = FALSE
	EndGlobalSection
	GlobalSection(ExtensibilityGlobals) = postSolution
		SolutionGuid = {AEB6AC00-C877-4703-957E-7E181928549A}
	EndGlobalSection
EndGlobal
